
Microsoft Visual Studio Solution File, Format Version 12.00
# Visual Studio Version 16
VisualStudioVersion = 16.0.33529.622
MinimumVisualStudioVersion = 10.0.40219.1
Project("{9A19103F-16F7-4668-BE54-9A1E7A4F7556}") = "CollectionClassTest", "CollectionClassTest.csproj", "{DC2E4D60-AE83-4836-8CC4-5ED03A54BEBB}"
EndProject
Global
	GlobalSection(SolutionConfigurationPlatforms) = preSolution
		Debug|Any CPU = Debug|Any CPU
		Release|Any CPU = Release|Any CPU
	EndGlobalSection
	GlobalSection(ProjectConfigurationPlatforms) = postSolution
		{DC2E4D60-AE83-4836-8CC4-5ED03A54BEBB}.Debug|Any CPU.ActiveCfg = Debug|Any CPU
		{DC2E4D60-AE83-4836-8CC4-5ED03A54BEBB}.Debug|Any CPU.Build.0 = Debug|Any CPU
		{DC2E4D60-AE83-4836-8CC4-5ED03A54BEBB}.Release|Any CPU.ActiveCfg = Release|Any CPU
		{DC2E4D60-AE83-4836-8CC4-5ED03A54BEBB}.Release|Any CPU.Build.0 = Release|Any CPU
	EndGlobalSection
	GlobalSection(SolutionProperties) = preSolution
		HideSolutionNode = FALSE
	EndGlobalSection
	GlobalSection(ExtensibilityGlobals) = postSolution
		SolutionGuid = {85715960-FD0A-4686-BBD3-A198B3336D4B}
	EndGlobalSection
EndGlobal
